
Microsoft Visual Studio Solution File, Format Version 12.00
# Visual Studio 15
VisualStudioVersion = 15.0.26228.4
MinimumVisualStudioVersion = 10.0.40219.1
Project("{9A19103F-16F7-4668-BE54-9A1E7A4F7556}") = "Runic.Agent.Core.UnitTest", "Agent\src\Runic.Agent.UnitTest\Runic.Agent.Core.UnitTest.csproj", "{D3E674C5-8ACD-40E8-9D3A-01C5B3A20444}"
EndProject
Project("{9A19103F-16F7-4668-BE54-9A1E7A4F7556}") = "Runic.Agent.Console", "Agent\src\Runic.Agent.Console\Runic.Agent.Console.csproj", "{90BCCFF9-F01E-495A-91B9-8DAF0A77F8B6}"
EndProject
Project("{9A19103F-16F7-4668-BE54-9A1E7A4F7556}") = "Runic.Framework", "Framework\src\Runic.Framework\Runic.Framework.csproj", "{EE281C69-F006-4A43-AF96-AD6F771BDC20}"
EndProject
Project("{9A19103F-16F7-4668-BE54-9A1E7A4F7556}") = "Runic.Framework.UnitTest", "Framework\src\Runic.UnitTest\Runic.Framework.UnitTest.csproj", "{DACD2D61-AD9A-4857-80E3-2254B7BBF039}"
EndProject
Project("{E53339B2-1760-4266-BCC7-CA923CBCF16C}") = "docker-compose", "Agent\src\Runic.Agent.Api\docker-compose.dcproj", "{C3BC52CA-A8DF-46C2-AEB0-CFA2096AD9A9}"
EndProject
Project("{FAE04EC0-301F-11D3-BF4B-00C04F79EFBC}") = "Runic.Agent.Worker", "Agent\src\Runic.Agent.Worker\Runic.Agent.Worker.csproj", "{330329D5-743C-4D1D-BAE8-493AEEAA0996}"
EndProject
Project("{9A19103F-16F7-4668-BE54-9A1E7A4F7556}") = "Runic.Agent.Api", "Agent\src\Runic.Agent.Api\Runic.Agent.Api\Runic.Agent.Api.csproj", "{7B407BF4-42E0-4E22-B4CC-970A281FC6FC}"
EndProject
Project("{9A19103F-16F7-4668-BE54-9A1E7A4F7556}") = "Runic.Agent.Core", "Agent\src\Runic.Agent.Core\Runic.Agent.Core.csproj", "{6D8F2023-292F-40E9-ACC8-A60613F35C85}"
EndProject
Global
	GlobalSection(SolutionConfigurationPlatforms) = preSolution
		Debug|Any CPU = Debug|Any CPU
		Release|Any CPU = Release|Any CPU
	EndGlobalSection
	GlobalSection(ProjectConfigurationPlatforms) = postSolution
		{D3E674C5-8ACD-40E8-9D3A-01C5B3A20444}.Debug|Any CPU.ActiveCfg = Debug|Any CPU
		{D3E674C5-8ACD-40E8-9D3A-01C5B3A20444}.Debug|Any CPU.Build.0 = Debug|Any CPU
		{D3E674C5-8ACD-40E8-9D3A-01C5B3A20444}.Release|Any CPU.ActiveCfg = Release|Any CPU
		{D3E674C5-8ACD-40E8-9D3A-01C5B3A20444}.Release|Any CPU.Build.0 = Release|Any CPU
		{90BCCFF9-F01E-495A-91B9-8DAF0A77F8B6}.Debug|Any CPU.ActiveCfg = Debug|Any CPU
		{90BCCFF9-F01E-495A-91B9-8DAF0A77F8B6}.Debug|Any CPU.Build.0 = Debug|Any CPU
		{90BCCFF9-F01E-495A-91B9-8DAF0A77F8B6}.Release|Any CPU.ActiveCfg = Release|Any CPU
		{90BCCFF9-F01E-495A-91B9-8DAF0A77F8B6}.Release|Any CPU.Build.0 = Release|Any CPU
		{EE281C69-F006-4A43-AF96-AD6F771BDC20}.Debug|Any CPU.ActiveCfg = Debug|Any CPU
		{EE281C69-F006-4A43-AF96-AD6F771BDC20}.Debug|Any CPU.Build.0 = Debug|Any CPU
		{EE281C69-F006-4A43-AF96-AD6F771BDC20}.Release|Any CPU.ActiveCfg = Release|Any CPU
		{EE281C69-F006-4A43-AF96-AD6F771BDC20}.Release|Any CPU.Build.0 = Release|Any CPU
		{DACD2D61-AD9A-4857-80E3-2254B7BBF039}.Debug|Any CPU.ActiveCfg = Debug|Any CPU
		{DACD2D61-AD9A-4857-80E3-2254B7BBF039}.Debug|Any CPU.Build.0 = Debug|Any CPU
		{DACD2D61-AD9A-4857-80E3-2254B7BBF039}.Release|Any CPU.ActiveCfg = Release|Any CPU
		{DACD2D61-AD9A-4857-80E3-2254B7BBF039}.Release|Any CPU.Build.0 = Release|Any CPU
		{C3BC52CA-A8DF-46C2-AEB0-CFA2096AD9A9}.Debug|Any CPU.ActiveCfg = Debug|Any CPU
		{C3BC52CA-A8DF-46C2-AEB0-CFA2096AD9A9}.Debug|Any CPU.Build.0 = Debug|Any CPU
		{C3BC52CA-A8DF-46C2-AEB0-CFA2096AD9A9}.Release|Any CPU.ActiveCfg = Release|Any CPU
		{C3BC52CA-A8DF-46C2-AEB0-CFA2096AD9A9}.Release|Any CPU.Build.0 = Release|Any CPU
		{330329D5-743C-4D1D-BAE8-493AEEAA0996}.Debug|Any CPU.ActiveCfg = Debug|Any CPU
		{330329D5-743C-4D1D-BAE8-493AEEAA0996}.Debug|Any CPU.Build.0 = Debug|Any CPU
		{330329D5-743C-4D1D-BAE8-493AEEAA0996}.Release|Any CPU.ActiveCfg = Release|Any CPU
		{330329D5-743C-4D1D-BAE8-493AEEAA0996}.Release|Any CPU.Build.0 = Release|Any CPU
		{7B407BF4-42E0-4E22-B4CC-970A281FC6FC}.Debug|Any CPU.ActiveCfg = Debug|Any CPU
		{7B407BF4-42E0-4E22-B4CC-970A281FC6FC}.Debug|Any CPU.Build.0 = Debug|Any CPU
		{7B407BF4-42E0-4E22-B4CC-970A281FC6FC}.Release|Any CPU.ActiveCfg = Release|Any CPU
		{7B407BF4-42E0-4E22-B4CC-970A281FC6FC}.Release|Any CPU.Build.0 = Release|Any CPU
		{6D8F2023-292F-40E9-ACC8-A60613F35C85}.Debug|Any CPU.ActiveCfg = Debug|Any CPU
		{6D8F2023-292F-40E9-ACC8-A60613F35C85}.Debug|Any CPU.Build.0 = Debug|Any CPU
		{6D8F2023-292F-40E9-ACC8-A60613F35C85}.Release|Any CPU.ActiveCfg = Release|Any CPU
		{6D8F2023-292F-40E9-ACC8-A60613F35C85}.Release|Any CPU.Build.0 = Release|Any CPU
	EndGlobalSection
	GlobalSection(SolutionProperties) = preSolution
		HideSolutionNode = FALSE
	EndGlobalSection
EndGlobal
