
Microsoft Visual Studio Solution File, Format Version 12.00
# Visual Studio 14
VisualStudioVersion = 14.0.25420.1
MinimumVisualStudioVersion = 10.0.40219.1
Project("{2150E333-8FDC-42A3-9474-1A3956D46DE8}") = "src", "src", "{F45D166D-9CE2-401F-948F-61309B7F8855}"
EndProject
Project("{2150E333-8FDC-42A3-9474-1A3956D46DE8}") = "Solution Items", "Solution Items", "{A96E1791-1FA4-4D31-95AF-313005B7E1BE}"
	ProjectSection(SolutionItems) = preProject
		global.json = global.json
	EndProjectSection
EndProject
Project("{8BB2217D-0F2D-49D1-97BC-3654ED321F3B}") = "Runic", "src\Runic\Runic.xproj", "{EE281C69-F006-4A43-AF96-AD6F771BDC20}"
EndProject
Project("{8BB2217D-0F2D-49D1-97BC-3654ED321F3B}") = "RunicController", "src\RunicController\RunicController.xproj", "{DEB52032-8BDE-4346-9E36-24892FC2B60C}"
EndProject
Project("{8BB2217D-0F2D-49D1-97BC-3654ED321F3B}") = "RunicAgent", "src\RunicAgent\RunicAgent.xproj", "{9DCF05D9-2285-4058-9202-87FF3D987C79}"
EndProject
Project("{8BB2217D-0F2D-49D1-97BC-3654ED321F3B}") = "RunicCore", "src\RunicCore\RunicCore.xproj", "{71BA09DD-5497-4811-BCD1-E5769D6B2A9C}"
EndProject
Project("{8BB2217D-0F2D-49D1-97BC-3654ED321F3B}") = "RunicUI", "src\RunicUI\RunicUI.xproj", "{0DB98D8B-86F4-48EC-9E65-7CF3B8950452}"
EndProject
Project("{8BB2217D-0F2D-49D1-97BC-3654ED321F3B}") = "RunicOracle", "src\RunicOracle\RunicOracle.xproj", "{8AF6D20F-D2D3-4AEC-BA77-9624E209BEF4}"
EndProject
Project("{8BB2217D-0F2D-49D1-97BC-3654ED321F3B}") = "Runic.SystemTest", "src\Runic.SystemTest\Runic.SystemTest.xproj", "{C77E3224-824F-452C-9482-F8772E8EDB92}"
EndProject
Project("{8BB2217D-0F2D-49D1-97BC-3654ED321F3B}") = "RuneDbApi", "src\RuneDbApi\RuneDbApi.xproj", "{94BD047C-E10A-4EA2-BA73-4E954AE069C8}"
EndProject
Project("{8BB2217D-0F2D-49D1-97BC-3654ED321F3B}") = "Runic.UnitTest", "src\Runic.UnitTest\Runic.UnitTest.xproj", "{DACD2D61-AD9A-4857-80E3-2254B7BBF039}"
EndProject
Global
	GlobalSection(SolutionConfigurationPlatforms) = preSolution
		Debug|Any CPU = Debug|Any CPU
		Release|Any CPU = Release|Any CPU
	EndGlobalSection
	GlobalSection(ProjectConfigurationPlatforms) = postSolution
		{EE281C69-F006-4A43-AF96-AD6F771BDC20}.Debug|Any CPU.ActiveCfg = Debug|Any CPU
		{EE281C69-F006-4A43-AF96-AD6F771BDC20}.Debug|Any CPU.Build.0 = Debug|Any CPU
		{EE281C69-F006-4A43-AF96-AD6F771BDC20}.Release|Any CPU.ActiveCfg = Release|Any CPU
		{EE281C69-F006-4A43-AF96-AD6F771BDC20}.Release|Any CPU.Build.0 = Release|Any CPU
		{DEB52032-8BDE-4346-9E36-24892FC2B60C}.Debug|Any CPU.ActiveCfg = Debug|Any CPU
		{DEB52032-8BDE-4346-9E36-24892FC2B60C}.Debug|Any CPU.Build.0 = Debug|Any CPU
		{DEB52032-8BDE-4346-9E36-24892FC2B60C}.Release|Any CPU.ActiveCfg = Release|Any CPU
		{DEB52032-8BDE-4346-9E36-24892FC2B60C}.Release|Any CPU.Build.0 = Release|Any CPU
		{9DCF05D9-2285-4058-9202-87FF3D987C79}.Debug|Any CPU.ActiveCfg = Debug|Any CPU
		{9DCF05D9-2285-4058-9202-87FF3D987C79}.Debug|Any CPU.Build.0 = Debug|Any CPU
		{9DCF05D9-2285-4058-9202-87FF3D987C79}.Release|Any CPU.ActiveCfg = Release|Any CPU
		{9DCF05D9-2285-4058-9202-87FF3D987C79}.Release|Any CPU.Build.0 = Release|Any CPU
		{71BA09DD-5497-4811-BCD1-E5769D6B2A9C}.Debug|Any CPU.ActiveCfg = Debug|Any CPU
		{71BA09DD-5497-4811-BCD1-E5769D6B2A9C}.Debug|Any CPU.Build.0 = Debug|Any CPU
		{71BA09DD-5497-4811-BCD1-E5769D6B2A9C}.Release|Any CPU.ActiveCfg = Release|Any CPU
		{71BA09DD-5497-4811-BCD1-E5769D6B2A9C}.Release|Any CPU.Build.0 = Release|Any CPU
		{0DB98D8B-86F4-48EC-9E65-7CF3B8950452}.Debug|Any CPU.ActiveCfg = Debug|Any CPU
		{0DB98D8B-86F4-48EC-9E65-7CF3B8950452}.Debug|Any CPU.Build.0 = Debug|Any CPU
		{0DB98D8B-86F4-48EC-9E65-7CF3B8950452}.Release|Any CPU.ActiveCfg = Release|Any CPU
		{0DB98D8B-86F4-48EC-9E65-7CF3B8950452}.Release|Any CPU.Build.0 = Release|Any CPU
		{8AF6D20F-D2D3-4AEC-BA77-9624E209BEF4}.Debug|Any CPU.ActiveCfg = Debug|Any CPU
		{8AF6D20F-D2D3-4AEC-BA77-9624E209BEF4}.Debug|Any CPU.Build.0 = Debug|Any CPU
		{8AF6D20F-D2D3-4AEC-BA77-9624E209BEF4}.Release|Any CPU.ActiveCfg = Release|Any CPU
		{8AF6D20F-D2D3-4AEC-BA77-9624E209BEF4}.Release|Any CPU.Build.0 = Release|Any CPU
		{C77E3224-824F-452C-9482-F8772E8EDB92}.Debug|Any CPU.ActiveCfg = Debug|Any CPU
		{C77E3224-824F-452C-9482-F8772E8EDB92}.Debug|Any CPU.Build.0 = Debug|Any CPU
		{C77E3224-824F-452C-9482-F8772E8EDB92}.Release|Any CPU.ActiveCfg = Release|Any CPU
		{C77E3224-824F-452C-9482-F8772E8EDB92}.Release|Any CPU.Build.0 = Release|Any CPU
		{94BD047C-E10A-4EA2-BA73-4E954AE069C8}.Debug|Any CPU.ActiveCfg = Debug|Any CPU
		{94BD047C-E10A-4EA2-BA73-4E954AE069C8}.Debug|Any CPU.Build.0 = Debug|Any CPU
		{94BD047C-E10A-4EA2-BA73-4E954AE069C8}.Release|Any CPU.ActiveCfg = Release|Any CPU
		{94BD047C-E10A-4EA2-BA73-4E954AE069C8}.Release|Any CPU.Build.0 = Release|Any CPU
		{DACD2D61-AD9A-4857-80E3-2254B7BBF039}.Debug|Any CPU.ActiveCfg = Debug|Any CPU
		{DACD2D61-AD9A-4857-80E3-2254B7BBF039}.Debug|Any CPU.Build.0 = Debug|Any CPU
		{DACD2D61-AD9A-4857-80E3-2254B7BBF039}.Release|Any CPU.ActiveCfg = Release|Any CPU
		{DACD2D61-AD9A-4857-80E3-2254B7BBF039}.Release|Any CPU.Build.0 = Release|Any CPU
	EndGlobalSection
	GlobalSection(SolutionProperties) = preSolution
		HideSolutionNode = FALSE
	EndGlobalSection
	GlobalSection(NestedProjects) = preSolution
		{EE281C69-F006-4A43-AF96-AD6F771BDC20} = {F45D166D-9CE2-401F-948F-61309B7F8855}
		{DEB52032-8BDE-4346-9E36-24892FC2B60C} = {F45D166D-9CE2-401F-948F-61309B7F8855}
		{9DCF05D9-2285-4058-9202-87FF3D987C79} = {F45D166D-9CE2-401F-948F-61309B7F8855}
		{71BA09DD-5497-4811-BCD1-E5769D6B2A9C} = {F45D166D-9CE2-401F-948F-61309B7F8855}
		{0DB98D8B-86F4-48EC-9E65-7CF3B8950452} = {F45D166D-9CE2-401F-948F-61309B7F8855}
		{8AF6D20F-D2D3-4AEC-BA77-9624E209BEF4} = {F45D166D-9CE2-401F-948F-61309B7F8855}
		{C77E3224-824F-452C-9482-F8772E8EDB92} = {F45D166D-9CE2-401F-948F-61309B7F8855}
		{94BD047C-E10A-4EA2-BA73-4E954AE069C8} = {F45D166D-9CE2-401F-948F-61309B7F8855}
		{DACD2D61-AD9A-4857-80E3-2254B7BBF039} = {F45D166D-9CE2-401F-948F-61309B7F8855}
	EndGlobalSection
EndGlobal
