
Microsoft Visual Studio Solution File, Format Version 12.00
# Visual Studio 15
VisualStudioVersion = 15.0.26228.4
MinimumVisualStudioVersion = 10.0.40219.1
Project("{9A19103F-16F7-4668-BE54-9A1E7A4F7556}") = "Runic.RuneStorageService", "RuneStorageService\src\Runic.RuneStorageService\Runic.RuneStorageService.csproj", "{E0497E8E-37C8-46BB-89A1-DDE3293EAA5B}"
EndProject
Project("{9A19103F-16F7-4668-BE54-9A1E7A4F7556}") = "Runic.Agent", "Agent\src\Runic.Agent\Runic.Agent.csproj", "{6D329D8D-DEED-4F8A-9501-289B4B9C390A}"
EndProject
Project("{9A19103F-16F7-4668-BE54-9A1E7A4F7556}") = "Runic.Framework", "Framework\src\Runic.Framework\Runic.Framework.csproj", "{21E69807-F702-4DC7-BC3B-B0E2D7D78090}"
EndProject
Project("{9A19103F-16F7-4668-BE54-9A1E7A4F7556}") = "Runic.Core", "Core\src\Runic.Core\Runic.Core.csproj", "{B6921420-6F1D-402E-A160-9AE5004E5835}"
EndProject
Project("{9A19103F-16F7-4668-BE54-9A1E7A4F7556}") = "ExampleTest", "ExampleTest\ExampleTest.csproj", "{E7C7C2BC-AC7B-4B79-9340-728AC12D99D6}"
EndProject
Global
	GlobalSection(SolutionConfigurationPlatforms) = preSolution
		Debug|Any CPU = Debug|Any CPU
		Release|Any CPU = Release|Any CPU
	EndGlobalSection
	GlobalSection(ProjectConfigurationPlatforms) = postSolution
		{E0497E8E-37C8-46BB-89A1-DDE3293EAA5B}.Debug|Any CPU.ActiveCfg = Debug|Any CPU
		{E0497E8E-37C8-46BB-89A1-DDE3293EAA5B}.Debug|Any CPU.Build.0 = Debug|Any CPU
		{E0497E8E-37C8-46BB-89A1-DDE3293EAA5B}.Release|Any CPU.ActiveCfg = Release|Any CPU
		{E0497E8E-37C8-46BB-89A1-DDE3293EAA5B}.Release|Any CPU.Build.0 = Release|Any CPU
		{6D329D8D-DEED-4F8A-9501-289B4B9C390A}.Debug|Any CPU.ActiveCfg = Debug|Any CPU
		{6D329D8D-DEED-4F8A-9501-289B4B9C390A}.Debug|Any CPU.Build.0 = Debug|Any CPU
		{6D329D8D-DEED-4F8A-9501-289B4B9C390A}.Release|Any CPU.ActiveCfg = Release|Any CPU
		{6D329D8D-DEED-4F8A-9501-289B4B9C390A}.Release|Any CPU.Build.0 = Release|Any CPU
		{21E69807-F702-4DC7-BC3B-B0E2D7D78090}.Debug|Any CPU.ActiveCfg = Debug|Any CPU
		{21E69807-F702-4DC7-BC3B-B0E2D7D78090}.Debug|Any CPU.Build.0 = Debug|Any CPU
		{21E69807-F702-4DC7-BC3B-B0E2D7D78090}.Release|Any CPU.ActiveCfg = Release|Any CPU
		{21E69807-F702-4DC7-BC3B-B0E2D7D78090}.Release|Any CPU.Build.0 = Release|Any CPU
		{B6921420-6F1D-402E-A160-9AE5004E5835}.Debug|Any CPU.ActiveCfg = Debug|Any CPU
		{B6921420-6F1D-402E-A160-9AE5004E5835}.Debug|Any CPU.Build.0 = Debug|Any CPU
		{B6921420-6F1D-402E-A160-9AE5004E5835}.Release|Any CPU.ActiveCfg = Release|Any CPU
		{B6921420-6F1D-402E-A160-9AE5004E5835}.Release|Any CPU.Build.0 = Release|Any CPU
		{E7C7C2BC-AC7B-4B79-9340-728AC12D99D6}.Debug|Any CPU.ActiveCfg = Debug|Any CPU
		{E7C7C2BC-AC7B-4B79-9340-728AC12D99D6}.Debug|Any CPU.Build.0 = Debug|Any CPU
		{E7C7C2BC-AC7B-4B79-9340-728AC12D99D6}.Release|Any CPU.ActiveCfg = Release|Any CPU
		{E7C7C2BC-AC7B-4B79-9340-728AC12D99D6}.Release|Any CPU.Build.0 = Release|Any CPU
	EndGlobalSection
	GlobalSection(SolutionProperties) = preSolution
		HideSolutionNode = FALSE
	EndGlobalSection
EndGlobal
