
Microsoft Visual Studio Solution File, Format Version 12.00
# Visual Studio 15
VisualStudioVersion = 15.0.26228.4
MinimumVisualStudioVersion = 10.0.40219.1
Project("{9A19103F-16F7-4668-BE54-9A1E7A4F7556}") = "Runic.Agent", "Runic.Agent\Runic.Agent.csproj", "{9DCF05D9-2285-4058-9202-87FF3D987C79}"
EndProject
Project("{9A19103F-16F7-4668-BE54-9A1E7A4F7556}") = "Runic.Agent.UnitTest", "Runic.Agent.UnitTest\Runic.Agent.UnitTest.csproj", "{D3E674C5-8ACD-40E8-9D3A-01C5B3A20444}"
EndProject
Project("{FAE04EC0-301F-11D3-BF4B-00C04F79EFBC}") = "Runic.Agent.Console", "Runic.Agent.Console\Runic.Agent.Console.csproj", "{90BCCFF9-F01E-495A-91B9-8DAF0A77F8B6}"
EndProject
Project("{FAE04EC0-301F-11D3-BF4B-00C04F79EFBC}") = "Runic.HttpServer", "Runic.HttpServer\Runic.HttpServer.csproj", "{703E655B-867D-4721-BE80-CF1CBA3D593B}"
EndProject
Global
	GlobalSection(SolutionConfigurationPlatforms) = preSolution
		Debug|Any CPU = Debug|Any CPU
		Release|Any CPU = Release|Any CPU
	EndGlobalSection
	GlobalSection(ProjectConfigurationPlatforms) = postSolution
		{9DCF05D9-2285-4058-9202-87FF3D987C79}.Debug|Any CPU.ActiveCfg = Debug|Any CPU
		{9DCF05D9-2285-4058-9202-87FF3D987C79}.Debug|Any CPU.Build.0 = Debug|Any CPU
		{9DCF05D9-2285-4058-9202-87FF3D987C79}.Release|Any CPU.ActiveCfg = Release|Any CPU
		{9DCF05D9-2285-4058-9202-87FF3D987C79}.Release|Any CPU.Build.0 = Release|Any CPU
		{D3E674C5-8ACD-40E8-9D3A-01C5B3A20444}.Debug|Any CPU.ActiveCfg = Debug|Any CPU
		{D3E674C5-8ACD-40E8-9D3A-01C5B3A20444}.Debug|Any CPU.Build.0 = Debug|Any CPU
		{D3E674C5-8ACD-40E8-9D3A-01C5B3A20444}.Release|Any CPU.ActiveCfg = Release|Any CPU
		{D3E674C5-8ACD-40E8-9D3A-01C5B3A20444}.Release|Any CPU.Build.0 = Release|Any CPU
		{90BCCFF9-F01E-495A-91B9-8DAF0A77F8B6}.Debug|Any CPU.ActiveCfg = Debug|Any CPU
		{90BCCFF9-F01E-495A-91B9-8DAF0A77F8B6}.Debug|Any CPU.Build.0 = Debug|Any CPU
		{90BCCFF9-F01E-495A-91B9-8DAF0A77F8B6}.Release|Any CPU.ActiveCfg = Release|Any CPU
		{90BCCFF9-F01E-495A-91B9-8DAF0A77F8B6}.Release|Any CPU.Build.0 = Release|Any CPU
		{703E655B-867D-4721-BE80-CF1CBA3D593B}.Debug|Any CPU.ActiveCfg = Debug|Any CPU
		{703E655B-867D-4721-BE80-CF1CBA3D593B}.Debug|Any CPU.Build.0 = Debug|Any CPU
		{703E655B-867D-4721-BE80-CF1CBA3D593B}.Release|Any CPU.ActiveCfg = Release|Any CPU
		{703E655B-867D-4721-BE80-CF1CBA3D593B}.Release|Any CPU.Build.0 = Release|Any CPU
	EndGlobalSection
	GlobalSection(SolutionProperties) = preSolution
		HideSolutionNode = FALSE
	EndGlobalSection
EndGlobal
