
Microsoft Visual Studio Solution File, Format Version 12.00
# Visual Studio 15
VisualStudioVersion = 15.0.26430.16
MinimumVisualStudioVersion = 10.0.40219.1
Project("{9A19103F-16F7-4668-BE54-9A1E7A4F7556}") = "Runic.Agent.Core", "Runic.Agent.Core\Runic.Agent.Core.csproj", "{560768FC-9863-49A5-AF57-FC8BB256E956}"
EndProject
Project("{9A19103F-16F7-4668-BE54-9A1E7A4F7556}") = "Runic.Agent.Core.UnitTest", "Runic.Agent.Core.UnitTest\Runic.Agent.Core.UnitTest.csproj", "{DE08AD1D-FB3E-4356-97D8-F04F2E92CE3D}"
EndProject
Project("{9A19103F-16F7-4668-BE54-9A1E7A4F7556}") = "Runic.Cucumber", "Runic.Cucumber\Runic.Cucumber.csproj", "{2E427711-9C07-4B8F-A684-634A7CF7894E}"
EndProject
Project("{9A19103F-16F7-4668-BE54-9A1E7A4F7556}") = "Runic.Cucumber.UnitTest", "Runic.Cucumber.UnitTest\Runic.Cucumber.UnitTest.csproj", "{3C8FA656-6259-4569-BA86-D084087A1035}"
EndProject
Project("{9A19103F-16F7-4668-BE54-9A1E7A4F7556}") = "Gherkin", "Gherkin\Gherkin.csproj", "{73098342-42D5-4D15-9F85-818B313EA113}"
EndProject
Project("{9A19103F-16F7-4668-BE54-9A1E7A4F7556}") = "Runic.Agent.Framework", "Runic.Agent.Framework\Runic.Agent.Framework.csproj", "{C6F7D9E6-017B-4BFB-9CB4-BC7DF8C937DC}"
EndProject
Project("{9A19103F-16F7-4668-BE54-9A1E7A4F7556}") = "Runic.Agent.TestHarness", "Runic.Agent.TestHarness\Runic.Agent.TestHarness.csproj", "{2CD3644B-8429-4376-83A1-5B2BC4A19EA7}"
EndProject
Project("{9A19103F-16F7-4668-BE54-9A1E7A4F7556}") = "Runic.Agent.TestHarness.UnitTest", "Runic.Agent.TestHarness.UnitTest\Runic.Agent.TestHarness.UnitTest.csproj", "{5AA845CF-AA8D-4C06-B965-59F2FE6488B3}"
EndProject
Project("{FAE04EC0-301F-11D3-BF4B-00C04F79EFBC}") = "Runic.Agent.Standalone", "Runic.Agent.Standalone\Runic.Agent.Standalone.csproj", "{47D8326B-F7DD-4626-BD7F-02ACCF5B3ECD}"
EndProject
Global
	GlobalSection(SolutionConfigurationPlatforms) = preSolution
		Debug|Any CPU = Debug|Any CPU
		Release|Any CPU = Release|Any CPU
	EndGlobalSection
	GlobalSection(ProjectConfigurationPlatforms) = postSolution
		{560768FC-9863-49A5-AF57-FC8BB256E956}.Debug|Any CPU.ActiveCfg = Debug|Any CPU
		{560768FC-9863-49A5-AF57-FC8BB256E956}.Debug|Any CPU.Build.0 = Debug|Any CPU
		{560768FC-9863-49A5-AF57-FC8BB256E956}.Release|Any CPU.ActiveCfg = Release|Any CPU
		{560768FC-9863-49A5-AF57-FC8BB256E956}.Release|Any CPU.Build.0 = Release|Any CPU
		{DE08AD1D-FB3E-4356-97D8-F04F2E92CE3D}.Debug|Any CPU.ActiveCfg = Debug|Any CPU
		{DE08AD1D-FB3E-4356-97D8-F04F2E92CE3D}.Debug|Any CPU.Build.0 = Debug|Any CPU
		{DE08AD1D-FB3E-4356-97D8-F04F2E92CE3D}.Release|Any CPU.ActiveCfg = Release|Any CPU
		{DE08AD1D-FB3E-4356-97D8-F04F2E92CE3D}.Release|Any CPU.Build.0 = Release|Any CPU
		{2E427711-9C07-4B8F-A684-634A7CF7894E}.Debug|Any CPU.ActiveCfg = Debug|Any CPU
		{2E427711-9C07-4B8F-A684-634A7CF7894E}.Debug|Any CPU.Build.0 = Debug|Any CPU
		{2E427711-9C07-4B8F-A684-634A7CF7894E}.Release|Any CPU.ActiveCfg = Release|Any CPU
		{2E427711-9C07-4B8F-A684-634A7CF7894E}.Release|Any CPU.Build.0 = Release|Any CPU
		{3C8FA656-6259-4569-BA86-D084087A1035}.Debug|Any CPU.ActiveCfg = Debug|Any CPU
		{3C8FA656-6259-4569-BA86-D084087A1035}.Debug|Any CPU.Build.0 = Debug|Any CPU
		{3C8FA656-6259-4569-BA86-D084087A1035}.Release|Any CPU.ActiveCfg = Release|Any CPU
		{3C8FA656-6259-4569-BA86-D084087A1035}.Release|Any CPU.Build.0 = Release|Any CPU
		{73098342-42D5-4D15-9F85-818B313EA113}.Debug|Any CPU.ActiveCfg = Debug|Any CPU
		{73098342-42D5-4D15-9F85-818B313EA113}.Debug|Any CPU.Build.0 = Debug|Any CPU
		{73098342-42D5-4D15-9F85-818B313EA113}.Release|Any CPU.ActiveCfg = Release|Any CPU
		{73098342-42D5-4D15-9F85-818B313EA113}.Release|Any CPU.Build.0 = Release|Any CPU
		{C6F7D9E6-017B-4BFB-9CB4-BC7DF8C937DC}.Debug|Any CPU.ActiveCfg = Debug|Any CPU
		{C6F7D9E6-017B-4BFB-9CB4-BC7DF8C937DC}.Debug|Any CPU.Build.0 = Debug|Any CPU
		{C6F7D9E6-017B-4BFB-9CB4-BC7DF8C937DC}.Release|Any CPU.ActiveCfg = Release|Any CPU
		{C6F7D9E6-017B-4BFB-9CB4-BC7DF8C937DC}.Release|Any CPU.Build.0 = Release|Any CPU
		{2CD3644B-8429-4376-83A1-5B2BC4A19EA7}.Debug|Any CPU.ActiveCfg = Debug|Any CPU
		{2CD3644B-8429-4376-83A1-5B2BC4A19EA7}.Debug|Any CPU.Build.0 = Debug|Any CPU
		{2CD3644B-8429-4376-83A1-5B2BC4A19EA7}.Release|Any CPU.ActiveCfg = Release|Any CPU
		{2CD3644B-8429-4376-83A1-5B2BC4A19EA7}.Release|Any CPU.Build.0 = Release|Any CPU
		{5AA845CF-AA8D-4C06-B965-59F2FE6488B3}.Debug|Any CPU.ActiveCfg = Debug|Any CPU
		{5AA845CF-AA8D-4C06-B965-59F2FE6488B3}.Debug|Any CPU.Build.0 = Debug|Any CPU
		{5AA845CF-AA8D-4C06-B965-59F2FE6488B3}.Release|Any CPU.ActiveCfg = Release|Any CPU
		{5AA845CF-AA8D-4C06-B965-59F2FE6488B3}.Release|Any CPU.Build.0 = Release|Any CPU
		{47D8326B-F7DD-4626-BD7F-02ACCF5B3ECD}.Debug|Any CPU.ActiveCfg = Debug|Any CPU
		{47D8326B-F7DD-4626-BD7F-02ACCF5B3ECD}.Debug|Any CPU.Build.0 = Debug|Any CPU
		{47D8326B-F7DD-4626-BD7F-02ACCF5B3ECD}.Release|Any CPU.ActiveCfg = Release|Any CPU
		{47D8326B-F7DD-4626-BD7F-02ACCF5B3ECD}.Release|Any CPU.Build.0 = Release|Any CPU
	EndGlobalSection
	GlobalSection(SolutionProperties) = preSolution
		HideSolutionNode = FALSE
	EndGlobalSection
EndGlobal
